
Microsoft Visual Studio Solution File, Format Version 12.00
# Visual Studio 15
VisualStudioVersion = 15.0.26228.9
MinimumVisualStudioVersion = 10.0.40219.1
Project("{FAE04EC0-301F-11D3-BF4B-00C04F79EFBC}") = "ExceptionHandling", "ExceptionHandling\ExceptionHandling.csproj", "{84EC340A-4A60-430C-A3A2-411880283E24}"
EndProject
Project("{FAE04EC0-301F-11D3-BF4B-00C04F79EFBC}") = "StringHelper", "StringHelper\StringHelper.csproj", "{07211685-ED09-4F88-8CE1-245226434F84}"
EndProject
Project("{FAE04EC0-301F-11D3-BF4B-00C04F79EFBC}") = "StringHelperSpecs", "StringHelperSpecs\StringHelperSpecs.csproj", "{A986A178-37B0-436F-A588-7BEB8370998F}"
EndProject
Global
	GlobalSection(SolutionConfigurationPlatforms) = preSolution
		Debug|Any CPU = Debug|Any CPU
		Release|Any CPU = Release|Any CPU
	EndGlobalSection
	GlobalSection(ProjectConfigurationPlatforms) = postSolution
		{84EC340A-4A60-430C-A3A2-411880283E24}.Debug|Any CPU.ActiveCfg = Debug|Any CPU
		{84EC340A-4A60-430C-A3A2-411880283E24}.Debug|Any CPU.Build.0 = Debug|Any CPU
		{84EC340A-4A60-430C-A3A2-411880283E24}.Release|Any CPU.ActiveCfg = Release|Any CPU
		{84EC340A-4A60-430C-A3A2-411880283E24}.Release|Any CPU.Build.0 = Release|Any CPU
		{07211685-ED09-4F88-8CE1-245226434F84}.Debug|Any CPU.ActiveCfg = Debug|Any CPU
		{07211685-ED09-4F88-8CE1-245226434F84}.Debug|Any CPU.Build.0 = Debug|Any CPU
		{07211685-ED09-4F88-8CE1-245226434F84}.Release|Any CPU.ActiveCfg = Release|Any CPU
		{07211685-ED09-4F88-8CE1-245226434F84}.Release|Any CPU.Build.0 = Release|Any CPU
		{A986A178-37B0-436F-A588-7BEB8370998F}.Debug|Any CPU.ActiveCfg = Debug|Any CPU
		{A986A178-37B0-436F-A588-7BEB8370998F}.Debug|Any CPU.Build.0 = Debug|Any CPU
		{A986A178-37B0-436F-A588-7BEB8370998F}.Release|Any CPU.ActiveCfg = Release|Any CPU
		{A986A178-37B0-436F-A588-7BEB8370998F}.Release|Any CPU.Build.0 = Release|Any CPU
	EndGlobalSection
	GlobalSection(SolutionProperties) = preSolution
		HideSolutionNode = FALSE
	EndGlobalSection
EndGlobal
