
Microsoft Visual Studio Solution File, Format Version 12.00
# Visual Studio 14
VisualStudioVersion = 14.0.25420.1
MinimumVisualStudioVersion = 10.0.40219.1
Project("{FAE04EC0-301F-11D3-BF4B-00C04F79EFBC}") = "Tests", "Tests\Tests.csproj", "{E4FBFE85-1BF0-4960-9F9F-986E9F305322}"
EndProject
Project("{FAE04EC0-301F-11D3-BF4B-00C04F79EFBC}") = "ConsoleTests", "ConsoleTests\ConsoleTests.csproj", "{3A60DAB5-4BD8-4D4D-87D2-56441B8B30BA}"
EndProject
Project("{FAE04EC0-301F-11D3-BF4B-00C04F79EFBC}") = "DAL", "DAL\DAL.csproj", "{87489762-440A-4A6E-87FC-07888F0296C4}"
EndProject
Project("{FAE04EC0-301F-11D3-BF4B-00C04F79EFBC}") = "BLL", "BLL\BLL.csproj", "{2FC8EB7D-0F5D-4189-B671-28DB490F67E8}"
EndProject
Project("{FAE04EC0-301F-11D3-BF4B-00C04F79EFBC}") = "DomainConfig", "DomainConfig\DomainConfig.csproj", "{C5B988A1-D8DA-45B3-A0FB-E709D6DA3DB9}"
EndProject
Project("{FAE04EC0-301F-11D3-BF4B-00C04F79EFBC}") = "NetworkConfig", "NetworkConfig\NetworkConfig.csproj", "{C5C0D30D-DB89-49E6-987A-929C0BC1E941}"
EndProject
Project("{FAE04EC0-301F-11D3-BF4B-00C04F79EFBC}") = "WCFUI", "WCFUI\WCFUI.csproj", "{7AC6D00E-70EF-40C7-BD3E-F72E083669F6}"
EndProject
Global
	GlobalSection(SolutionConfigurationPlatforms) = preSolution
		Debug|Any CPU = Debug|Any CPU
		Release|Any CPU = Release|Any CPU
	EndGlobalSection
	GlobalSection(ProjectConfigurationPlatforms) = postSolution
		{E4FBFE85-1BF0-4960-9F9F-986E9F305322}.Debug|Any CPU.ActiveCfg = Debug|Any CPU
		{E4FBFE85-1BF0-4960-9F9F-986E9F305322}.Debug|Any CPU.Build.0 = Debug|Any CPU
		{E4FBFE85-1BF0-4960-9F9F-986E9F305322}.Release|Any CPU.ActiveCfg = Release|Any CPU
		{E4FBFE85-1BF0-4960-9F9F-986E9F305322}.Release|Any CPU.Build.0 = Release|Any CPU
		{3A60DAB5-4BD8-4D4D-87D2-56441B8B30BA}.Debug|Any CPU.ActiveCfg = Debug|Any CPU
		{3A60DAB5-4BD8-4D4D-87D2-56441B8B30BA}.Debug|Any CPU.Build.0 = Debug|Any CPU
		{3A60DAB5-4BD8-4D4D-87D2-56441B8B30BA}.Release|Any CPU.ActiveCfg = Release|Any CPU
		{3A60DAB5-4BD8-4D4D-87D2-56441B8B30BA}.Release|Any CPU.Build.0 = Release|Any CPU
		{87489762-440A-4A6E-87FC-07888F0296C4}.Debug|Any CPU.ActiveCfg = Debug|Any CPU
		{87489762-440A-4A6E-87FC-07888F0296C4}.Debug|Any CPU.Build.0 = Debug|Any CPU
		{87489762-440A-4A6E-87FC-07888F0296C4}.Release|Any CPU.ActiveCfg = Release|Any CPU
		{87489762-440A-4A6E-87FC-07888F0296C4}.Release|Any CPU.Build.0 = Release|Any CPU
		{2FC8EB7D-0F5D-4189-B671-28DB490F67E8}.Debug|Any CPU.ActiveCfg = Debug|Any CPU
		{2FC8EB7D-0F5D-4189-B671-28DB490F67E8}.Debug|Any CPU.Build.0 = Debug|Any CPU
		{2FC8EB7D-0F5D-4189-B671-28DB490F67E8}.Release|Any CPU.ActiveCfg = Release|Any CPU
		{2FC8EB7D-0F5D-4189-B671-28DB490F67E8}.Release|Any CPU.Build.0 = Release|Any CPU
		{C5B988A1-D8DA-45B3-A0FB-E709D6DA3DB9}.Debug|Any CPU.ActiveCfg = Debug|Any CPU
		{C5B988A1-D8DA-45B3-A0FB-E709D6DA3DB9}.Debug|Any CPU.Build.0 = Debug|Any CPU
		{C5B988A1-D8DA-45B3-A0FB-E709D6DA3DB9}.Release|Any CPU.ActiveCfg = Release|Any CPU
		{C5B988A1-D8DA-45B3-A0FB-E709D6DA3DB9}.Release|Any CPU.Build.0 = Release|Any CPU
		{C5C0D30D-DB89-49E6-987A-929C0BC1E941}.Debug|Any CPU.ActiveCfg = Debug|Any CPU
		{C5C0D30D-DB89-49E6-987A-929C0BC1E941}.Debug|Any CPU.Build.0 = Debug|Any CPU
		{C5C0D30D-DB89-49E6-987A-929C0BC1E941}.Release|Any CPU.ActiveCfg = Release|Any CPU
		{C5C0D30D-DB89-49E6-987A-929C0BC1E941}.Release|Any CPU.Build.0 = Release|Any CPU
		{7AC6D00E-70EF-40C7-BD3E-F72E083669F6}.Debug|Any CPU.ActiveCfg = Debug|Any CPU
		{7AC6D00E-70EF-40C7-BD3E-F72E083669F6}.Debug|Any CPU.Build.0 = Debug|Any CPU
		{7AC6D00E-70EF-40C7-BD3E-F72E083669F6}.Release|Any CPU.ActiveCfg = Release|Any CPU
		{7AC6D00E-70EF-40C7-BD3E-F72E083669F6}.Release|Any CPU.Build.0 = Release|Any CPU
	EndGlobalSection
	GlobalSection(SolutionProperties) = preSolution
		HideSolutionNode = FALSE
	EndGlobalSection
EndGlobal
