
Microsoft Visual Studio Solution File, Format Version 12.00
# Visual Studio 15
VisualStudioVersion = 15.0.26228.9
MinimumVisualStudioVersion = 10.0.40219.1
Project("{FAE04EC0-301F-11D3-BF4B-00C04F79EFBC}") = "IoCContainer", "IoCContainer\IoCContainer.csproj", "{67B70B50-2C20-49A4-A901-289746002E73}"
EndProject
Project("{FAE04EC0-301F-11D3-BF4B-00C04F79EFBC}") = "ConsoleUI", "ConsoleUI\ConsoleUI.csproj", "{382CABD8-F642-4C26-B644-9AF9300BBE6A}"
EndProject
Project("{FAE04EC0-301F-11D3-BF4B-00C04F79EFBC}") = "Samples", "Samples\Samples.csproj", "{18CA67EB-BE2C-431F-940B-DC2F222B23E2}"
EndProject
Global
	GlobalSection(SolutionConfigurationPlatforms) = preSolution
		Debug|Any CPU = Debug|Any CPU
		Release|Any CPU = Release|Any CPU
	EndGlobalSection
	GlobalSection(ProjectConfigurationPlatforms) = postSolution
		{67B70B50-2C20-49A4-A901-289746002E73}.Debug|Any CPU.ActiveCfg = Debug|Any CPU
		{67B70B50-2C20-49A4-A901-289746002E73}.Debug|Any CPU.Build.0 = Debug|Any CPU
		{67B70B50-2C20-49A4-A901-289746002E73}.Release|Any CPU.ActiveCfg = Release|Any CPU
		{67B70B50-2C20-49A4-A901-289746002E73}.Release|Any CPU.Build.0 = Release|Any CPU
		{382CABD8-F642-4C26-B644-9AF9300BBE6A}.Debug|Any CPU.ActiveCfg = Debug|Any CPU
		{382CABD8-F642-4C26-B644-9AF9300BBE6A}.Debug|Any CPU.Build.0 = Debug|Any CPU
		{382CABD8-F642-4C26-B644-9AF9300BBE6A}.Release|Any CPU.ActiveCfg = Release|Any CPU
		{382CABD8-F642-4C26-B644-9AF9300BBE6A}.Release|Any CPU.Build.0 = Release|Any CPU
		{18CA67EB-BE2C-431F-940B-DC2F222B23E2}.Debug|Any CPU.ActiveCfg = Debug|Any CPU
		{18CA67EB-BE2C-431F-940B-DC2F222B23E2}.Debug|Any CPU.Build.0 = Debug|Any CPU
		{18CA67EB-BE2C-431F-940B-DC2F222B23E2}.Release|Any CPU.ActiveCfg = Release|Any CPU
		{18CA67EB-BE2C-431F-940B-DC2F222B23E2}.Release|Any CPU.Build.0 = Release|Any CPU
	EndGlobalSection
	GlobalSection(SolutionProperties) = preSolution
		HideSolutionNode = FALSE
	EndGlobalSection
EndGlobal
