
Microsoft Visual Studio Solution File, Format Version 12.00
# Visual Studio 2013
VisualStudioVersion = 12.0.40629.0
MinimumVisualStudioVersion = 10.0.40219.1
Project("{FAE04EC0-301F-11D3-BF4B-00C04F79EFBC}") = "MathExtension", "MathExtension\MathExtension.csproj", "{5FD459F3-0691-44B5-A5EE-328579D5D748}"
EndProject
Project("{FAE04EC0-301F-11D3-BF4B-00C04F79EFBC}") = "MathExtesionTests", "MathExtesionTests\MathExtesionTests.csproj", "{C3870A23-021B-4D7D-8FF6-CE61DAA96C2C}"
EndProject
Project("{FAE04EC0-301F-11D3-BF4B-00C04F79EFBC}") = "MathExtensionNUnitTests", "MathExtensionNUnitTests\MathExtensionNUnitTests.csproj", "{1EA68292-0ABD-406B-BB48-9D09463A625F}"
EndProject
Global
	GlobalSection(SolutionConfigurationPlatforms) = preSolution
		Debug|Any CPU = Debug|Any CPU
		Release|Any CPU = Release|Any CPU
	EndGlobalSection
	GlobalSection(ProjectConfigurationPlatforms) = postSolution
		{5FD459F3-0691-44B5-A5EE-328579D5D748}.Debug|Any CPU.ActiveCfg = Debug|Any CPU
		{5FD459F3-0691-44B5-A5EE-328579D5D748}.Debug|Any CPU.Build.0 = Debug|Any CPU
		{5FD459F3-0691-44B5-A5EE-328579D5D748}.Release|Any CPU.ActiveCfg = Release|Any CPU
		{5FD459F3-0691-44B5-A5EE-328579D5D748}.Release|Any CPU.Build.0 = Release|Any CPU
		{C3870A23-021B-4D7D-8FF6-CE61DAA96C2C}.Debug|Any CPU.ActiveCfg = Debug|Any CPU
		{C3870A23-021B-4D7D-8FF6-CE61DAA96C2C}.Debug|Any CPU.Build.0 = Debug|Any CPU
		{C3870A23-021B-4D7D-8FF6-CE61DAA96C2C}.Release|Any CPU.ActiveCfg = Release|Any CPU
		{C3870A23-021B-4D7D-8FF6-CE61DAA96C2C}.Release|Any CPU.Build.0 = Release|Any CPU
		{1EA68292-0ABD-406B-BB48-9D09463A625F}.Debug|Any CPU.ActiveCfg = Debug|Any CPU
		{1EA68292-0ABD-406B-BB48-9D09463A625F}.Debug|Any CPU.Build.0 = Debug|Any CPU
		{1EA68292-0ABD-406B-BB48-9D09463A625F}.Release|Any CPU.ActiveCfg = Release|Any CPU
		{1EA68292-0ABD-406B-BB48-9D09463A625F}.Release|Any CPU.Build.0 = Release|Any CPU
	EndGlobalSection
	GlobalSection(SolutionProperties) = preSolution
		HideSolutionNode = FALSE
	EndGlobalSection
EndGlobal
